// !$*UTF8*$!
{
	archiveVersion = 1;
	classes = {
	};
	objectVersion = 48;
	objects = {

/* Begin PBXBuildFile section */
		01832A6D202EC9C900C68C83 /* AppDelegate.swift in Sources */ = {isa = PBXBuildFile; fileRef = 01832A6C202EC9C900C68C83 /* AppDelegate.swift */; };
		01832A72202EC9C900C68C83 /* Main.storyboard in Resources */ = {isa = PBXBuildFile; fileRef = 01832A70202EC9C900C68C83 /* Main.storyboard */; };
		01832A74202EC9C900C68C83 /* Assets.xcassets in Resources */ = {isa = PBXBuildFile; fileRef = 01832A73202EC9C900C68C83 /* Assets.xcassets */; };
		01832A77202EC9C900C68C83 /* LaunchScreen.storyboard in Resources */ = {isa = PBXBuildFile; fileRef = 01832A75202EC9C900C68C83 /* LaunchScreen.storyboard */; };
		01832A7F202ED0FB00C68C83 /* PositionViewController.swift in Sources */ = {isa = PBXBuildFile; fileRef = 01832A7E202ED0FB00C68C83 /* PositionViewController.swift */; };
/* End PBXBuildFile section */

/* Begin PBXFileReference section */
		01832A69202EC9C900C68C83 /* IOSAnimationSample.app */ = {isa = PBXFileReference; explicitFileType = wrapper.application; includeInIndex = 0; path = IOSAnimationSample.app; sourceTree = BUILT_PRODUCTS_DIR; };
		01832A6C202EC9C900C68C83 /* AppDelegate.swift */ = {isa = PBXFileReference; lastKnownFileType = sourcecode.swift; path = AppDelegate.swift; sourceTree = "<group>"; };
		01832A71202EC9C900C68C83 /* Base */ = {isa = PBXFileReference; lastKnownFileType = file.storyboard; name = Base; path = Base.lproj/Main.storyboard; sourceTree = "<group>"; };
		01832A73202EC9C900C68C83 /* Assets.xcassets */ = {isa = PBXFileReference; lastKnownFileType = folder.assetcatalog; path = Assets.xcassets; sourceTree = "<group>"; };
		01832A76202EC9C900C68C83 /* Base */ = {isa = PBXFileReference; lastKnownFileType = file.storyboard; name = Base; path = Base.lproj/LaunchScreen.storyboard; sourceTree = "<group>"; };
		01832A78202EC9C900C68C83 /* Info.plist */ = {isa = PBXFileReference; lastKnownFileType = text.plist.xml; path = Info.plist; sourceTree = "<group>"; };
		01832A7E202ED0FB00C68C83 /* PositionViewController.swift */ = {isa = PBXFileReference; lastKnownFileType = sourcecode.swift; path = PositionViewController.swift; sourceTree = "<group>"; };
/* End PBXFileReference section */

/* Begin PBXFrameworksBuildPhase section */
		01832A66202EC9C900C68C83 /* Frameworks */ = {
			isa = PBXFrameworksBuildPhase;
			buildActionMask = 2147483647;
			files = (
			);
			runOnlyForDeploymentPostprocessing = 0;
		};
/* End PBXFrameworksBuildPhase section */

/* Begin PBXGroup section */
		01832A60202EC9C900C68C83 = {
			isa = PBXGroup;
			children = (
				01832A6B202EC9C900C68C83 /* IOSAnimationSample */,
				01832A6A202EC9C900C68C83 /* Products */,
			);
			sourceTree = "<group>";
		};
		01832A6A202EC9C900C68C83 /* Products */ = {
			isa = PBXGroup;
			children = (
				01832A69202EC9C900C68C83 /* IOSAnimationSample.app */,
			);
			name = Products;
			sourceTree = "<group>";
		};
		01832A6B202EC9C900C68C83 /* IOSAnimationSample */ = {
			isa = PBXGroup;
			children = (
				01832A7E202ED0FB00C68C83 /* PositionViewController.swift */,
				01832A6C202EC9C900C68C83 /* AppDelegate.swift */,
				01832A70202EC9C900C68C83 /* Main.storyboard */,
				01832A73202EC9C900C68C83 /* Assets.xcassets */,
				01832A75202EC9C900C68C83 /* LaunchScreen.storyboard */,
				01832A78202EC9C900C68C83 /* Info.plist */,
			);
			path = IOSAnimationSample;
			sourceTree = "<group>";
		};
/* End PBXGroup section */

/* Begin PBXNativeTarget section */
		01832A68202EC9C900C68C83 /* IOSAnimationSample */ = {
			isa = PBXNativeTarget;
			buildConfigurationList = 01832A7B202EC9C900C68C83 /* Build configuration list for PBXNativeTarget "IOSAnimationSample" */;
			buildPhases = (
				01832A65202EC9C900C68C83 /* Sources */,
				01832A66202EC9C900C68C83 /* Frameworks */,
				01832A67202EC9C900C68C83 /* Resources */,
			);
			buildRules = (
			);
			dependencies = (
			);
			name = IOSAnimationSample;
			productName = IOSAnimationSample;
			productReference = 01832A69202EC9C900C68C83 /* IOSAnimationSample.app */;
			productType = "com.apple.product-type.application";
		};
/* End PBXNativeTarget section */

/* Begin PBXProject section */
		01832A61202EC9C900C68C83 /* Project object */ = {
			isa = PBXProject;
			attributes = {
				LastSwiftUpdateCheck = 0920;
				LastUpgradeCheck = 0920;
				ORGANIZATIONNAME = DoLNw;
				TargetAttributes = {
					01832A68202EC9C900C68C83 = {
						CreatedOnToolsVersion = 9.2;
						ProvisioningStyle = Automatic;
					};
				};
			};
			buildConfigurationList = 01832A64202EC9C900C68C83 /* Build configuration list for PBXProject "IOSAnimationSample" */;
			compatibilityVersion = "Xcode 8.0";
			developmentRegion = en;
			hasScannedForEncodings = 0;
			knownRegions = (
				en,
				Base,
			);
			mainGroup = 01832A60202EC9C900C68C83;
			productRefGroup = 01832A6A202EC9C900C68C83 /* Products */;
			projectDirPath = "";
			projectRoot = "";
			targets = (
				01832A68202EC9C900C68C83 /* IOSAnimationSample */,
			);
		};
/* End PBXProject section */

/* Begin PBXResourcesBuildPhase section */
		01832A67202EC9C900C68C83 /* Resources */ = {
			isa = PBXResourcesBuildPhase;
			buildActionMask = 2147483647;
			files = (
				01832A77202EC9C900C68C83 /* LaunchScreen.storyboard in Resources */,
				01832A74202EC9C900C68C83 /* Assets.xcassets in Resources */,
				01832A72202EC9C900C68C83 /* Main.storyboard in Resources */,
			);
			runOnlyForDeploymentPostprocessing = 0;
		};
/* End PBXResourcesBuildPhase section */

/* Begin PBXSourcesBuildPhase section */
		01832A65202EC9C900C68C83 /* Sources */ = {
			isa = PBXSourcesBuildPhase;
			buildActionMask = 2147483647;
			files = (
				01832A6D202EC9C900C68C83 /* AppDelegate.swift in Sources */,
				01832A7F202ED0FB00C68C83 /* PositionViewController.swift in Sources */,
			);
			runOnlyForDeploymentPostprocessing = 0;
		};
/* End PBXSourcesBuildPhase section */

/* Begin PBXVariantGroup section */
		01832A70202EC9C900C68C83 /* Main.storyboard */ = {
			isa = PBXVariantGroup;
			children = (
				01832A71202EC9C900C68C83 /* Base */,
			);
			name = Main.storyboard;
			sourceTree = "<group>";
		};
		01832A75202EC9C900C68C83 /* LaunchScreen.storyboard */ = {
			isa = PBXVariantGroup;
			children = (
				01832A76202EC9C900C68C83 /* Base */,
			);
			name = LaunchScreen.storyboard;
			sourceTree = "<group>";
		};
/* End PBXVariantGroup section */

/* Begin XCBuildConfiguration section */
		01832A79202EC9C900C68C83 /* Debug */ = {
			isa = XCBuildConfiguration;
			buildSettings = {
				ALWAYS_SEARCH_USER_PATHS = NO;
				CLANG_ANALYZER_NONNULL = YES;
				CLANG_ANALYZER_NUMBER_OBJECT_CONVERSION = YES_AGGRESSIVE;
				CLANG_CXX_LANGUAGE_STANDARD = "gnu++14";
				CLANG_CXX_LIBRARY = "libc++";
				CLANG_ENABLE_MODULES = YES;
				CLANG_ENABLE_OBJC_ARC = YES;
				CLANG_WARN_BLOCK_CAPTURE_AUTORELEASING = YES;
				CLANG_WARN_BOOL_CONVERSION = YES;
				CLANG_WARN_COMMA = YES;
				CLANG_WARN_CONSTANT_CONVERSION = YES;
				CLANG_WARN_DIRECT_OBJC_ISA_USAGE = YES_ERROR;
				CLANG_WARN_DOCUMENTATION_COMMENTS = YES;
				CLANG_WARN_EMPTY_BODY = YES;
				CLANG_WARN_ENUM_CONVERSION = YES;
				CLANG_WARN_INFINITE_RECURSION = YES;
				CLANG_WARN_INT_CONVERSION = YES;
				CLANG_WARN_NON_LITERAL_NULL_CONVERSION = YES;
				CLANG_WARN_OBJC_LITERAL_CONVERSION = YES;
				CLANG_WARN_OBJC_ROOT_CLASS = YES_ERROR;
				CLANG_WARN_RANGE_LOOP_ANALYSIS = YES;
				CLANG_WARN_STRICT_PROTOTYPES = YES;
				CLANG_WARN_SUSPICIOUS_MOVE = YES;
				CLANG_WARN_UNGUARDED_AVAILABILITY = YES_AGGRESSIVE;
				CLANG_WARN_UNREACHABLE_CODE = YES;
				CLANG_WARN__DUPLICATE_METHOD_MATCH = YES;
				CODE_SIGN_IDENTITY = "iPhone Developer";
				COPY_PHASE_STRIP = NO;
				DEBUG_INFORMATION_FORMAT = dwarf;
				ENABLE_STRICT_OBJC_MSGSEND = YES;
				ENABLE_TESTABILITY = YES;
				GCC_C_LANGUAGE_STANDARD = gnu11;
				GCC_DYNAMIC_NO_PIC = NO;
				GCC_NO_COMMON_BLOCKS = YES;
				GCC_OPTIMIZATION_LEVEL = 0;
				GCC_PREPROCESSOR_DEFINITIONS = (
					"DEBUG=1",
					"$(inherited)",
				);
				GCC_WARN_64_TO_32_BIT_CONVERSION = YES;
				GCC_WARN_ABOUT_RETURN_TYPE = YES_ERROR;
				GCC_WARN_UNDECLARED_SELECTOR = YES;
				GCC_WARN_UNINITIALIZED_AUTOS = YES_AGGRESSIVE;
				GCC_WARN_UNUSED_FUNCTION = YES;
				GCC_WARN_UNUSED_VARIABLE = YES;
				IPHONEOS_DEPLOYMENT_TARGET = 11.2;
				MTL_ENABLE_DEBUG_INFO = YES;
				ONLY_ACTIVE_ARCH = YES;
				SDKROOT = iphoneos;
				SWIFT_ACTIVE_COMPILATION_CONDITIONS = DEBUG;
				SWIFT_OPTIMIZATION_LEVEL = "-Onone";
			};
			name = Debug;
		};
		01832A7A202EC9C900C68C83 /* Release */ = {
			isa = XCBuildConfiguration;
			buildSettings = {
				ALWAYS_SEARCH_USER_PATHS = NO;
				CLANG_ANALYZER_NONNULL = YES;
				CLANG_ANALYZER_NUMBER_OBJECT_CONVERSION = YES_AGGRESSIVE;
				CLANG_CXX_LANGUAGE_STANDARD = "gnu++14";
				CLANG_CXX_LIBRARY = "libc++";
				CLANG_ENABLE_MODULES = YES;
				CLANG_ENABLE_OBJC_ARC = YES;
				CLANG_WARN_BLOCK_CAPTURE_AUTORELEASING = YES;
				CLANG_WARN_BOOL_CONVERSION = YES;
				CLANG_WARN_COMMA = YES;
				CLANG_WARN_CONSTANT_CONVERSION = YES;
				CLANG_WARN_DIRECT_OBJC_ISA_USAGE = YES_ERROR;
				CLANG_WARN_DOCUMENTATION_COMMENTS = YES;
				CLANG_WARN_EMPTY_BODY = YES;
				CLANG_WARN_ENUM_CONVERSION = YES;
				CLANG_WARN_INFINITE_RECURSION = YES;
				CLANG_WARN_INT_CONVERSION = YES;
				CLANG_WARN_NON_LITERAL_NULL_CONVERSION = YES;
				CLANG_WARN_OBJC_LITERAL_CONVERSION = YES;
				CLANG_WARN_OBJC_ROOT_CLASS = YES_ERROR;
				CLANG_WARN_RANGE_LOOP_ANALYSIS = YES;
				CLANG_WARN_STRICT_PROTOTYPES = YES;
				CLANG_WARN_SUSPICIOUS_MOVE = YES;
				CLANG_WARN_UNGUARDED_AVAILABILITY = YES_AGGRESSIVE;
				CLANG_WARN_UNREACHABLE_CODE = YES;
				CLANG_WARN__DUPLICATE_METHOD_MATCH = YES;
				CODE_SIGN_IDENTITY = "iPhone Developer";
				COPY_PHASE_STRIP = NO;
				DEBUG_INFORMATION_FORMAT = "dwarf-with-dsym";
				ENABLE_NS_ASSERTIONS = NO;
				ENABLE_STRICT_OBJC_MSGSEND = YES;
				GCC_C_LANGUAGE_STANDARD = gnu11;
				GCC_NO_COMMON_BLOCKS = YES;
				GCC_WARN_64_TO_32_BIT_CONVERSION = YES;
				GCC_WARN_ABOUT_RETURN_TYPE = YES_ERROR;
				GCC_WARN_UNDECLARED_SELECTOR = YES;
				GCC_WARN_UNINITIALIZED_AUTOS = YES_AGGRESSIVE;
				GCC_WARN_UNUSED_FUNCTION = YES;
				GCC_WARN_UNUSED_VARIABLE = YES;
				IPHONEOS_DEPLOYMENT_TARGET = 11.2;
				MTL_ENABLE_DEBUG_INFO = NO;
				SDKROOT = iphoneos;
				SWIFT_OPTIMIZATION_LEVEL = "-Owholemodule";
				VALIDATE_PRODUCT = YES;
			};
			name = Release;
		};
		01832A7C202EC9C900C68C83 /* Debug */ = {
			isa = XCBuildConfiguration;
			buildSettings = {
				ASSETCATALOG_COMPILER_APPICON_NAME = AppIcon;
				CODE_SIGN_STYLE = Automatic;
				INFOPLIST_FILE = IOSAnimationSample/Info.plist;
				LD_RUNPATH_SEARCH_PATHS = "$(inherited) @executable_path/Frameworks";
				PRODUCT_BUNDLE_IDENTIFIER = DOLNw.IOSAnimationSample;
				PRODUCT_NAME = "$(TARGET_NAME)";
				SWIFT_VERSION = 4.0;
				TARGETED_DEVICE_FAMILY = "1,2";
			};
			name = Debug;
		};
		01832A7D202EC9C900C68C83 /* Release */ = {
			isa = XCBuildConfiguration;
			buildSettings = {
				ASSETCATALOG_COMPILER_APPICON_NAME = AppIcon;
				CODE_SIGN_STYLE = Automatic;
				INFOPLIST_FILE = IOSAnimationSample/Info.plist;
				LD_RUNPATH_SEARCH_PATHS = "$(inherited) @executable_path/Frameworks";
				PRODUCT_BUNDLE_IDENTIFIER = DOLNw.IOSAnimationSample;
				PRODUCT_NAME = "$(TARGET_NAME)";
				SWIFT_VERSION = 4.0;
				TARGETED_DEVICE_FAMILY = "1,2";
			};
			name = Release;
		};
/* End XCBuildConfiguration section */

/* Begin XCConfigurationList section */
		01832A64202EC9C900C68C83 /* Build configuration list for PBXProject "IOSAnimationSample" */ = {
			isa = XCConfigurationList;
			buildConfigurations = (
				01832A79202EC9C900C68C83 /* Debug */,
				01832A7A202EC9C900C68C83 /* Release */,
			);
			defaultConfigurationIsVisible = 0;
			defaultConfigurationName = Release;
		};
		01832A7B202EC9C900C68C83 /* Build configuration list for PBXNativeTarget "IOSAnimationSample" */ = {
			isa = XCConfigurationList;
			buildConfigurations = (
				01832A7C202EC9C900C68C83 /* Debug */,
				01832A7D202EC9C900C68C83 /* Release */,
			);
			defaultConfigurationIsVisible = 0;
			defaultConfigurationName = Release;
		};
/* End XCConfigurationList section */
	};
	rootObject = 01832A61202EC9C900C68C83 /* Project object */;
}
